
Microsoft Visual Studio Solution File, Format Version 12.00
# Visual Studio Version 17
VisualStudioVersion = 17.9.34607.119
MinimumVisualStudioVersion = 10.0.40219.1
Project("{FAE04EC0-301F-11D3-BF4B-00C04F79EFBC}") = "PS4 Cheat Engine", "PS4 Cheat Engine.csproj", "{0C7A64A1-8EA5-4D2F-BE1D-A30862F9E9DD}"
EndProject
Global
	GlobalSection(SolutionConfigurationPlatforms) = preSolution
		Debug|Any CPU = Debug|Any CPU
		Release|Any CPU = Release|Any CPU
	EndGlobalSection
	GlobalSection(ProjectConfigurationPlatforms) = postSolution
		{0C7A64A1-8EA5-4D2F-BE1D-A30862F9E9DD}.Debug|Any CPU.ActiveCfg = Debug|Any CPU
		{0C7A64A1-8EA5-4D2F-BE1D-A30862F9E9DD}.Debug|Any CPU.Build.0 = Debug|Any CPU
		{0C7A64A1-8EA5-4D2F-BE1D-A30862F9E9DD}.Release|Any CPU.ActiveCfg = Release|Any CPU
		{0C7A64A1-8EA5-4D2F-BE1D-A30862F9E9DD}.Release|Any CPU.Build.0 = Release|Any CPU
	EndGlobalSection
	GlobalSection(SolutionProperties) = preSolution
		HideSolutionNode = FALSE
	EndGlobalSection
	GlobalSection(ExtensibilityGlobals) = postSolution
		SolutionGuid = {10975B85-4E01-4C05-8096-AA81687FD368}
	EndGlobalSection
EndGlobal
